# @generated by Move, please check-in and do not edit manually.

[move]
version = 3
manifest_digest = "CE8EF9084C937222E663FF5284DFF46ADF097127BDBD2DA0368CE1D8E9683C2C"
deps_digest = "F8BBB0CCB2491CA29A3DF03D6F92277A4F3574266507ACD77214D37ECA3F3082"
dependencies = [
  { id = "Iota", name = "Iota" },
]

[[move.package]]
id = "Iota"
source = { git = "https://github.com/iotaledger/iota.git", rev = "e3c45c9", subdir = "crates/iota-framework/packages/iota-framework" }

dependencies = [
  { id = "MoveStdlib", name = "MoveStdlib" },
]

[[move.package]]
id = "MoveStdlib"
source = { git = "https://github.com/iotaledger/iota.git", rev = "e3c45c9", subdir = "crates/iota-framework/packages/move-stdlib" }

[move.toolchain-version]
compiler-version = "0.11.6-rc"
edition = "2024.beta"
flavor = "iota"

[env]

[env.devnet]
chain-id = "e678123a"
original-published-id = "0x2c722ceb348d67dbce64bbace300e3299ae7021680a0c985e651175a3e75acfb"
latest-published-id = "0x2c722ceb348d67dbce64bbace300e3299ae7021680a0c985e651175a3e75acfb"
published-version = "1"

[env.testnet]
chain-id = "2304aa97"
original-published-id = "0xfd1e0fe711a7858b865b78eea6f4d5a18edc280d77e34ef2491cc3dcaaf72eba"
latest-published-id = "0xfd1e0fe711a7858b865b78eea6f4d5a18edc280d77e34ef2491cc3dcaaf72eba"
published-version = "1"
